
Microsoft Visual Studio Solution File, Format Version 12.00
# Visual Studio Version 16
VisualStudioVersion = 16.0.28803.202
MinimumVisualStudioVersion = 10.0.40219.1
Project("{FAE04EC0-301F-11D3-BF4B-00C04F79EFBC}") = "Optimisations", "Optimisations\Optimisations.csproj", "{F38DA15E-4874-4FF8-87F0-3284DEC2B724}"
EndProject
Global
	GlobalSection(SolutionConfigurationPlatforms) = preSolution
		Debug|Any CPU = Debug|Any CPU
		Release|Any CPU = Release|Any CPU
	EndGlobalSection
	GlobalSection(ProjectConfigurationPlatforms) = postSolution
		{F38DA15E-4874-4FF8-87F0-3284DEC2B724}.Debug|Any CPU.ActiveCfg = Debug|Any CPU
		{F38DA15E-4874-4FF8-87F0-3284DEC2B724}.Debug|Any CPU.Build.0 = Debug|Any CPU
		{F38DA15E-4874-4FF8-87F0-3284DEC2B724}.Release|Any CPU.ActiveCfg = Release|Any CPU
		{F38DA15E-4874-4FF8-87F0-3284DEC2B724}.Release|Any CPU.Build.0 = Release|Any CPU
	EndGlobalSection
	GlobalSection(SolutionProperties) = preSolution
		HideSolutionNode = FALSE
	EndGlobalSection
	GlobalSection(ExtensibilityGlobals) = postSolution
		SolutionGuid = {DC32F0A3-906D-4112-A9BE-95138E6CB313}
	EndGlobalSection
EndGlobal
